
Microsoft Visual Studio Solution File, Format Version 12.00
# Visual Studio Version 17
VisualStudioVersion = 17.14.36623.8
MinimumVisualStudioVersion = 10.0.40219.1
Project("{FAE04EC0-301F-11D3-BF4B-00C04F79EFBC}") = "Proiect_dubla1", "Proiect_dubla1\Proiect_dubla1.csproj", "{32673B01-3A4C-43A0-ABE2-59619598512A}"
EndProject
Global
	GlobalSection(SolutionConfigurationPlatforms) = preSolution
		Debug|Any CPU = Debug|Any CPU
		Release|Any CPU = Release|Any CPU
	EndGlobalSection
	GlobalSection(ProjectConfigurationPlatforms) = postSolution
		{32673B01-3A4C-43A0-ABE2-59619598512A}.Debug|Any CPU.ActiveCfg = Debug|Any CPU
		{32673B01-3A4C-43A0-ABE2-59619598512A}.Debug|Any CPU.Build.0 = Debug|Any CPU
		{32673B01-3A4C-43A0-ABE2-59619598512A}.Release|Any CPU.ActiveCfg = Release|Any CPU
		{32673B01-3A4C-43A0-ABE2-59619598512A}.Release|Any CPU.Build.0 = Release|Any CPU
	EndGlobalSection
	GlobalSection(SolutionProperties) = preSolution
		HideSolutionNode = FALSE
	EndGlobalSection
	GlobalSection(ExtensibilityGlobals) = postSolution
		SolutionGuid = {B3D559FE-B6B8-4533-949F-CCA07788FEDE}
	EndGlobalSection
EndGlobal
